dependencies:
- name: kubevirt-operator
  repository: file://dependency_charts/kubevirt-operator
  version: 0.1.0
- name: kubevirt
  repository: file://dependency_charts/kubevirt
  version: 0.1.0
- name: harvester-network-controller
  repository: https://charts.harvesterhci.io
  version: 0.2.9
- name: harvester-node-disk-manager
  repository: https://charts.harvesterhci.io
  version: 0.4.5
- name: csi-snapshotter
  repository: file://dependency_charts/csi-snapshotter
  version: 0.1.0
- name: longhorn
  repository: https://charts.longhorn.io
  version: 1.3.1
- name: kube-vip
  repository: https://kube-vip.github.io/helm-charts
  version: 0.4.2
- name: kube-vip-cloud-provider
  repository: https://kube-vip.github.io/helm-charts
  version: 0.2.1
- name: harvester-load-balancer
  repository: https://charts.harvesterhci.io
  version: 0.1.3
digest: sha256:e4720882d0898136c53d65d1720a5b48219846338d66194e031fb56b9f001518
generated: "2022-08-25T10:43:23.29584+08:00"
